
Microsoft Visual Studio Solution File, Format Version 12.00
# Visual Studio Version 17
VisualStudioVersion = 17.6.33815.320
MinimumVisualStudioVersion = 10.0.40219.1
Project("{2150E333-8FDC-42A3-9474-1A3956D46DE8}") = "Services", "Services", "{8744196D-EC80-463A-A2A5-8FAEFAEF165F}"
EndProject
Project("{2150E333-8FDC-42A3-9474-1A3956D46DE8}") = "Catalog", "Catalog", "{3FEE83FF-C758-4247-96E1-6F91AC770D9B}"
EndProject
Project("{2150E333-8FDC-42A3-9474-1A3956D46DE8}") = "Solution Items", "Solution Items", "{DBAA841F-16ED-45F1-B503-E2E097807D07}"
	ProjectSection(SolutionItems) = preProject
		ports = ports
	EndProjectSection
EndProject
Project("{FAE04EC0-301F-11D3-BF4B-00C04F79EFBC}") = "FreeCourse.Services.Catalog", "Services\Catalog\FreeCourse.Services.Catalog\FreeCourse.Services.Catalog.csproj", "{DD65B43F-18C7-4583-9B3A-A4A1E6133D12}"
EndProject
Project("{2150E333-8FDC-42A3-9474-1A3956D46DE8}") = "Shared", "Shared", "{F6E26763-E251-41D0-A94B-0163BEC00081}"
EndProject
Project("{FAE04EC0-301F-11D3-BF4B-00C04F79EFBC}") = "FreeCourse.Shared", "Shared\FreeCourse.Shared\FreeCourse.Shared.csproj", "{D0F16F2A-C254-44A5-B539-7A11862EDB8F}"
EndProject
Global
	GlobalSection(SolutionConfigurationPlatforms) = preSolution
		Debug|Any CPU = Debug|Any CPU
		Release|Any CPU = Release|Any CPU
	EndGlobalSection
	GlobalSection(ProjectConfigurationPlatforms) = postSolution
		{DD65B43F-18C7-4583-9B3A-A4A1E6133D12}.Debug|Any CPU.ActiveCfg = Debug|Any CPU
		{DD65B43F-18C7-4583-9B3A-A4A1E6133D12}.Debug|Any CPU.Build.0 = Debug|Any CPU
		{DD65B43F-18C7-4583-9B3A-A4A1E6133D12}.Release|Any CPU.ActiveCfg = Release|Any CPU
		{DD65B43F-18C7-4583-9B3A-A4A1E6133D12}.Release|Any CPU.Build.0 = Release|Any CPU
		{D0F16F2A-C254-44A5-B539-7A11862EDB8F}.Debug|Any CPU.ActiveCfg = Debug|Any CPU
		{D0F16F2A-C254-44A5-B539-7A11862EDB8F}.Debug|Any CPU.Build.0 = Debug|Any CPU
		{D0F16F2A-C254-44A5-B539-7A11862EDB8F}.Release|Any CPU.ActiveCfg = Release|Any CPU
		{D0F16F2A-C254-44A5-B539-7A11862EDB8F}.Release|Any CPU.Build.0 = Release|Any CPU
	EndGlobalSection
	GlobalSection(SolutionProperties) = preSolution
		HideSolutionNode = FALSE
	EndGlobalSection
	GlobalSection(NestedProjects) = preSolution
		{3FEE83FF-C758-4247-96E1-6F91AC770D9B} = {8744196D-EC80-463A-A2A5-8FAEFAEF165F}
		{DD65B43F-18C7-4583-9B3A-A4A1E6133D12} = {3FEE83FF-C758-4247-96E1-6F91AC770D9B}
		{D0F16F2A-C254-44A5-B539-7A11862EDB8F} = {F6E26763-E251-41D0-A94B-0163BEC00081}
	EndGlobalSection
	GlobalSection(ExtensibilityGlobals) = postSolution
		SolutionGuid = {3CF46B3A-F331-4735-8042-4386B8AE15C8}
	EndGlobalSection
EndGlobal
